
Microsoft Visual Studio Solution File, Format Version 12.00
# Visual Studio 15
VisualStudioVersion = 15.0.26206.0
MinimumVisualStudioVersion = 10.0.40219.1
Project("{FAE04EC0-301F-11D3-BF4B-00C04F79EFBC}") = "GameClientAnalyzer", "GameClientAnalyzer\GameClientAnalyzer.csproj", "{2375DBD0-FB82-4C88-8CA7-3CE5302C552A}"
EndProject
Project("{FAE04EC0-301F-11D3-BF4B-00C04F79EFBC}") = "DataCenterReader", "DataCenterReader\DataCenterReader.csproj", "{5033AA9D-F1DF-45DA-B135-EFB00EE2010D}"
EndProject
Project("{FAE04EC0-301F-11D3-BF4B-00C04F79EFBC}") = "Interfaces", "Interfaces\Interfaces.csproj", "{EA8FE3E2-A420-4678-A76C-DBC535619231}"
EndProject
Project("{9A19103F-16F7-4668-BE54-9A1E7A4F7556}") = "EnMasseDataProvider", "EnMasseDataProvider\EnMasseDataProvider.csproj", "{567C5B97-35CF-4251-8940-C65438CBD362}"
EndProject
Project("{9A19103F-16F7-4668-BE54-9A1E7A4F7556}") = "TeraClient", "TeraClient\TeraClient.csproj", "{0F3FC39B-9B3A-4B05-883F-361069642119}"
EndProject
Project("{FAE04EC0-301F-11D3-BF4B-00C04F79EFBC}") = "Entities", "Entities\Entities.csproj", "{3556677C-AABD-4D1F-A540-A8386720D3C6}"
EndProject
Project("{FAE04EC0-301F-11D3-BF4B-00C04F79EFBC}") = "SampleBot", "SampleBot\SampleBot.csproj", "{28B61841-47BC-4850-8DA9-EC899E851033}"
EndProject
Project("{9A19103F-16F7-4668-BE54-9A1E7A4F7556}") = "GameClientLauncher", "GameClientLauncher\GameClientLauncher.csproj", "{11185201-ED52-40E7-B49E-91C1B559D1FC}"
EndProject
Global
	GlobalSection(SolutionConfigurationPlatforms) = preSolution
		Debug|Any CPU = Debug|Any CPU
		Debug|x64 = Debug|x64
		Debug|x86 = Debug|x86
		Release|Any CPU = Release|Any CPU
		Release|x64 = Release|x64
		Release|x86 = Release|x86
	EndGlobalSection
	GlobalSection(ProjectConfigurationPlatforms) = postSolution
		{2375DBD0-FB82-4C88-8CA7-3CE5302C552A}.Debug|Any CPU.ActiveCfg = Debug|Any CPU
		{2375DBD0-FB82-4C88-8CA7-3CE5302C552A}.Debug|Any CPU.Build.0 = Debug|Any CPU
		{2375DBD0-FB82-4C88-8CA7-3CE5302C552A}.Debug|x64.ActiveCfg = Debug|x64
		{2375DBD0-FB82-4C88-8CA7-3CE5302C552A}.Debug|x64.Build.0 = Debug|x64
		{2375DBD0-FB82-4C88-8CA7-3CE5302C552A}.Debug|x86.ActiveCfg = Debug|x86
		{2375DBD0-FB82-4C88-8CA7-3CE5302C552A}.Debug|x86.Build.0 = Debug|x86
		{2375DBD0-FB82-4C88-8CA7-3CE5302C552A}.Release|Any CPU.ActiveCfg = Release|Any CPU
		{2375DBD0-FB82-4C88-8CA7-3CE5302C552A}.Release|Any CPU.Build.0 = Release|Any CPU
		{2375DBD0-FB82-4C88-8CA7-3CE5302C552A}.Release|x64.ActiveCfg = Release|x64
		{2375DBD0-FB82-4C88-8CA7-3CE5302C552A}.Release|x64.Build.0 = Release|x64
		{2375DBD0-FB82-4C88-8CA7-3CE5302C552A}.Release|x86.ActiveCfg = Release|x86
		{2375DBD0-FB82-4C88-8CA7-3CE5302C552A}.Release|x86.Build.0 = Release|x86
		{5033AA9D-F1DF-45DA-B135-EFB00EE2010D}.Debug|Any CPU.ActiveCfg = Debug|Any CPU
		{5033AA9D-F1DF-45DA-B135-EFB00EE2010D}.Debug|Any CPU.Build.0 = Debug|Any CPU
		{5033AA9D-F1DF-45DA-B135-EFB00EE2010D}.Debug|x64.ActiveCfg = Debug|x64
		{5033AA9D-F1DF-45DA-B135-EFB00EE2010D}.Debug|x64.Build.0 = Debug|x64
		{5033AA9D-F1DF-45DA-B135-EFB00EE2010D}.Debug|x86.ActiveCfg = Debug|x86
		{5033AA9D-F1DF-45DA-B135-EFB00EE2010D}.Debug|x86.Build.0 = Debug|x86
		{5033AA9D-F1DF-45DA-B135-EFB00EE2010D}.Release|Any CPU.ActiveCfg = Release|Any CPU
		{5033AA9D-F1DF-45DA-B135-EFB00EE2010D}.Release|Any CPU.Build.0 = Release|Any CPU
		{5033AA9D-F1DF-45DA-B135-EFB00EE2010D}.Release|x64.ActiveCfg = Release|x64
		{5033AA9D-F1DF-45DA-B135-EFB00EE2010D}.Release|x64.Build.0 = Release|x64
		{5033AA9D-F1DF-45DA-B135-EFB00EE2010D}.Release|x86.ActiveCfg = Release|x86
		{5033AA9D-F1DF-45DA-B135-EFB00EE2010D}.Release|x86.Build.0 = Release|x86
		{EA8FE3E2-A420-4678-A76C-DBC535619231}.Debug|Any CPU.ActiveCfg = Debug|Any CPU
		{EA8FE3E2-A420-4678-A76C-DBC535619231}.Debug|Any CPU.Build.0 = Debug|Any CPU
		{EA8FE3E2-A420-4678-A76C-DBC535619231}.Debug|x64.ActiveCfg = Debug|x64
		{EA8FE3E2-A420-4678-A76C-DBC535619231}.Debug|x64.Build.0 = Debug|x64
		{EA8FE3E2-A420-4678-A76C-DBC535619231}.Debug|x86.ActiveCfg = Debug|x86
		{EA8FE3E2-A420-4678-A76C-DBC535619231}.Debug|x86.Build.0 = Debug|x86
		{EA8FE3E2-A420-4678-A76C-DBC535619231}.Release|Any CPU.ActiveCfg = Release|Any CPU
		{EA8FE3E2-A420-4678-A76C-DBC535619231}.Release|Any CPU.Build.0 = Release|Any CPU
		{EA8FE3E2-A420-4678-A76C-DBC535619231}.Release|x64.ActiveCfg = Release|x64
		{EA8FE3E2-A420-4678-A76C-DBC535619231}.Release|x64.Build.0 = Release|x64
		{EA8FE3E2-A420-4678-A76C-DBC535619231}.Release|x86.ActiveCfg = Release|x86
		{EA8FE3E2-A420-4678-A76C-DBC535619231}.Release|x86.Build.0 = Release|x86
		{567C5B97-35CF-4251-8940-C65438CBD362}.Debug|Any CPU.ActiveCfg = Debug|Any CPU
		{567C5B97-35CF-4251-8940-C65438CBD362}.Debug|Any CPU.Build.0 = Debug|Any CPU
		{567C5B97-35CF-4251-8940-C65438CBD362}.Debug|x64.ActiveCfg = Debug|x64
		{567C5B97-35CF-4251-8940-C65438CBD362}.Debug|x64.Build.0 = Debug|x64
		{567C5B97-35CF-4251-8940-C65438CBD362}.Debug|x86.ActiveCfg = Debug|x86
		{567C5B97-35CF-4251-8940-C65438CBD362}.Debug|x86.Build.0 = Debug|x86
		{567C5B97-35CF-4251-8940-C65438CBD362}.Release|Any CPU.ActiveCfg = Release|Any CPU
		{567C5B97-35CF-4251-8940-C65438CBD362}.Release|Any CPU.Build.0 = Release|Any CPU
		{567C5B97-35CF-4251-8940-C65438CBD362}.Release|x64.ActiveCfg = Release|x64
		{567C5B97-35CF-4251-8940-C65438CBD362}.Release|x64.Build.0 = Release|x64
		{567C5B97-35CF-4251-8940-C65438CBD362}.Release|x86.ActiveCfg = Release|x86
		{567C5B97-35CF-4251-8940-C65438CBD362}.Release|x86.Build.0 = Release|x86
		{0F3FC39B-9B3A-4B05-883F-361069642119}.Debug|Any CPU.ActiveCfg = Debug|Any CPU
		{0F3FC39B-9B3A-4B05-883F-361069642119}.Debug|Any CPU.Build.0 = Debug|Any CPU
		{0F3FC39B-9B3A-4B05-883F-361069642119}.Debug|x64.ActiveCfg = Debug|x64
		{0F3FC39B-9B3A-4B05-883F-361069642119}.Debug|x64.Build.0 = Debug|x64
		{0F3FC39B-9B3A-4B05-883F-361069642119}.Debug|x86.ActiveCfg = Debug|x86
		{0F3FC39B-9B3A-4B05-883F-361069642119}.Debug|x86.Build.0 = Debug|x86
		{0F3FC39B-9B3A-4B05-883F-361069642119}.Release|Any CPU.ActiveCfg = Release|Any CPU
		{0F3FC39B-9B3A-4B05-883F-361069642119}.Release|Any CPU.Build.0 = Release|Any CPU
		{0F3FC39B-9B3A-4B05-883F-361069642119}.Release|x64.ActiveCfg = Release|x64
		{0F3FC39B-9B3A-4B05-883F-361069642119}.Release|x64.Build.0 = Release|x64
		{0F3FC39B-9B3A-4B05-883F-361069642119}.Release|x86.ActiveCfg = Release|x86
		{0F3FC39B-9B3A-4B05-883F-361069642119}.Release|x86.Build.0 = Release|x86
		{3556677C-AABD-4D1F-A540-A8386720D3C6}.Debug|Any CPU.ActiveCfg = Debug|Any CPU
		{3556677C-AABD-4D1F-A540-A8386720D3C6}.Debug|Any CPU.Build.0 = Debug|Any CPU
		{3556677C-AABD-4D1F-A540-A8386720D3C6}.Debug|x64.ActiveCfg = Debug|x64
		{3556677C-AABD-4D1F-A540-A8386720D3C6}.Debug|x64.Build.0 = Debug|x64
		{3556677C-AABD-4D1F-A540-A8386720D3C6}.Debug|x86.ActiveCfg = Debug|x86
		{3556677C-AABD-4D1F-A540-A8386720D3C6}.Debug|x86.Build.0 = Debug|x86
		{3556677C-AABD-4D1F-A540-A8386720D3C6}.Release|Any CPU.ActiveCfg = Release|Any CPU
		{3556677C-AABD-4D1F-A540-A8386720D3C6}.Release|Any CPU.Build.0 = Release|Any CPU
		{3556677C-AABD-4D1F-A540-A8386720D3C6}.Release|x64.ActiveCfg = Release|x64
		{3556677C-AABD-4D1F-A540-A8386720D3C6}.Release|x64.Build.0 = Release|x64
		{3556677C-AABD-4D1F-A540-A8386720D3C6}.Release|x86.ActiveCfg = Release|x86
		{3556677C-AABD-4D1F-A540-A8386720D3C6}.Release|x86.Build.0 = Release|x86
		{28B61841-47BC-4850-8DA9-EC899E851033}.Debug|Any CPU.ActiveCfg = Debug|Any CPU
		{28B61841-47BC-4850-8DA9-EC899E851033}.Debug|Any CPU.Build.0 = Debug|Any CPU
		{28B61841-47BC-4850-8DA9-EC899E851033}.Debug|x64.ActiveCfg = Debug|x64
		{28B61841-47BC-4850-8DA9-EC899E851033}.Debug|x64.Build.0 = Debug|x64
		{28B61841-47BC-4850-8DA9-EC899E851033}.Debug|x86.ActiveCfg = Debug|x86
		{28B61841-47BC-4850-8DA9-EC899E851033}.Debug|x86.Build.0 = Debug|x86
		{28B61841-47BC-4850-8DA9-EC899E851033}.Release|Any CPU.ActiveCfg = Release|Any CPU
		{28B61841-47BC-4850-8DA9-EC899E851033}.Release|Any CPU.Build.0 = Release|Any CPU
		{28B61841-47BC-4850-8DA9-EC899E851033}.Release|x64.ActiveCfg = Release|x64
		{28B61841-47BC-4850-8DA9-EC899E851033}.Release|x64.Build.0 = Release|x64
		{28B61841-47BC-4850-8DA9-EC899E851033}.Release|x86.ActiveCfg = Release|x86
		{28B61841-47BC-4850-8DA9-EC899E851033}.Release|x86.Build.0 = Release|x86
		{11185201-ED52-40E7-B49E-91C1B559D1FC}.Debug|Any CPU.ActiveCfg = Debug|Any CPU
		{11185201-ED52-40E7-B49E-91C1B559D1FC}.Debug|Any CPU.Build.0 = Debug|Any CPU
		{11185201-ED52-40E7-B49E-91C1B559D1FC}.Debug|x64.ActiveCfg = Debug|x64
		{11185201-ED52-40E7-B49E-91C1B559D1FC}.Debug|x64.Build.0 = Debug|x64
		{11185201-ED52-40E7-B49E-91C1B559D1FC}.Debug|x86.ActiveCfg = Debug|x86
		{11185201-ED52-40E7-B49E-91C1B559D1FC}.Debug|x86.Build.0 = Debug|x86
		{11185201-ED52-40E7-B49E-91C1B559D1FC}.Release|Any CPU.ActiveCfg = Release|Any CPU
		{11185201-ED52-40E7-B49E-91C1B559D1FC}.Release|Any CPU.Build.0 = Release|Any CPU
		{11185201-ED52-40E7-B49E-91C1B559D1FC}.Release|x64.ActiveCfg = Release|x64
		{11185201-ED52-40E7-B49E-91C1B559D1FC}.Release|x64.Build.0 = Release|x64
		{11185201-ED52-40E7-B49E-91C1B559D1FC}.Release|x86.ActiveCfg = Release|x86
		{11185201-ED52-40E7-B49E-91C1B559D1FC}.Release|x86.Build.0 = Release|x86
	EndGlobalSection
	GlobalSection(SolutionProperties) = preSolution
		HideSolutionNode = FALSE
	EndGlobalSection
	GlobalSection(Performance) = preSolution
		HasPerformanceSessions = true
	EndGlobalSection
EndGlobal
